
Microsoft Visual Studio Solution File, Format Version 12.00
Project("{FAE04EC0-301F-11D3-BF4B-00C04F79EFBC}") = "Guid", "Guid\Guid.csproj", "{83C24B7D-C010-4329-95D4-0FDD55813A14}"
EndProject
Global
	GlobalSection(SolutionConfigurationPlatforms) = preSolution
		Debug|Any CPU = Debug|Any CPU
		Release|Any CPU = Release|Any CPU
	EndGlobalSection
	GlobalSection(ProjectConfigurationPlatforms) = postSolution
		{83C24B7D-C010-4329-95D4-0FDD55813A14}.Debug|Any CPU.ActiveCfg = Debug|Any CPU
		{83C24B7D-C010-4329-95D4-0FDD55813A14}.Debug|Any CPU.Build.0 = Debug|Any CPU
		{83C24B7D-C010-4329-95D4-0FDD55813A14}.Release|Any CPU.ActiveCfg = Release|Any CPU
		{83C24B7D-C010-4329-95D4-0FDD55813A14}.Release|Any CPU.Build.0 = Release|Any CPU
	EndGlobalSection
EndGlobal
