
Microsoft Visual Studio Solution File, Format Version 12.00
# Visual Studio Version 17
VisualStudioVersion = 17.5.33627.172
MinimumVisualStudioVersion = 10.0.40219.1
Project("{FAE04EC0-301F-11D3-BF4B-00C04F79EFBC}") = "SqliCtf", "SqliCtf.csproj", "{5A683879-847D-482F-AB65-A1F69FA1077C}"
EndProject
Global
	GlobalSection(SolutionConfigurationPlatforms) = preSolution
		Debug|Any CPU = Debug|Any CPU
		Release|Any CPU = Release|Any CPU
	EndGlobalSection
	GlobalSection(ProjectConfigurationPlatforms) = postSolution
		{5A683879-847D-482F-AB65-A1F69FA1077C}.Debug|Any CPU.ActiveCfg = Debug|Any CPU
		{5A683879-847D-482F-AB65-A1F69FA1077C}.Debug|Any CPU.Build.0 = Debug|Any CPU
		{5A683879-847D-482F-AB65-A1F69FA1077C}.Release|Any CPU.ActiveCfg = Release|Any CPU
		{5A683879-847D-482F-AB65-A1F69FA1077C}.Release|Any CPU.Build.0 = Release|Any CPU
	EndGlobalSection
	GlobalSection(SolutionProperties) = preSolution
		HideSolutionNode = FALSE
	EndGlobalSection
	GlobalSection(ExtensibilityGlobals) = postSolution
		SolutionGuid = {EE71549B-5F6D-4117-8C79-271D65C94BF6}
	EndGlobalSection
EndGlobal
