
Microsoft Visual Studio Solution File, Format Version 12.00
# Visual Studio Version 17
VisualStudioVersion = 17.4.33110.190
MinimumVisualStudioVersion = 10.0.40219.1
Project("{9A19103F-16F7-4668-BE54-9A1E7A4F7556}") = "WebForMobile", "WebForMobile\WebForMobile.csproj", "{1F986ADA-9B1D-4EEC-932F-F2C7BDDEE7BB}"
EndProject
Project("{E53339B2-1760-4266-BCC7-CA923CBCF16C}") = "docker-compose", "docker-compose.dcproj", "{2155367A-51C0-4CF4-9549-D5E4C7BE6FD0}"
EndProject
Global
	GlobalSection(SolutionConfigurationPlatforms) = preSolution
		Debug|Any CPU = Debug|Any CPU
		Release|Any CPU = Release|Any CPU
	EndGlobalSection
	GlobalSection(ProjectConfigurationPlatforms) = postSolution
		{1F986ADA-9B1D-4EEC-932F-F2C7BDDEE7BB}.Debug|Any CPU.ActiveCfg = Debug|Any CPU
		{1F986ADA-9B1D-4EEC-932F-F2C7BDDEE7BB}.Debug|Any CPU.Build.0 = Debug|Any CPU
		{1F986ADA-9B1D-4EEC-932F-F2C7BDDEE7BB}.Release|Any CPU.ActiveCfg = Release|Any CPU
		{1F986ADA-9B1D-4EEC-932F-F2C7BDDEE7BB}.Release|Any CPU.Build.0 = Release|Any CPU
		{2155367A-51C0-4CF4-9549-D5E4C7BE6FD0}.Debug|Any CPU.ActiveCfg = Debug|Any CPU
		{2155367A-51C0-4CF4-9549-D5E4C7BE6FD0}.Debug|Any CPU.Build.0 = Debug|Any CPU
		{2155367A-51C0-4CF4-9549-D5E4C7BE6FD0}.Release|Any CPU.ActiveCfg = Release|Any CPU
		{2155367A-51C0-4CF4-9549-D5E4C7BE6FD0}.Release|Any CPU.Build.0 = Release|Any CPU
	EndGlobalSection
	GlobalSection(SolutionProperties) = preSolution
		HideSolutionNode = FALSE
	EndGlobalSection
	GlobalSection(ExtensibilityGlobals) = postSolution
		SolutionGuid = {4DA5224E-1FD9-468E-97C4-F8907D55A419}
	EndGlobalSection
EndGlobal
